# This file was autogenerated by Stack.
# You should not edit this file by hand.
# For more information, please see the documentation at:
#   https://docs.haskellstack.org/en/stable/topics/lock_files

packages:
- completed:
    commit: 4303126429a28d3ffd6fe2a67770d37ede3b08a7
    git: https://github.com/Sornaensis/hyperspace
    name: hyperspace
    pantry-tree:
      sha256: 594fd1990cc18adef12b821adc4c34328d433da4eddc2ed09a79a21c13123cb1
      size: 3715
    version: 0.1.0.0
  original:
    commit: 4303126429a28d3ffd6fe2a67770d37ede3b08a7
    git: https://github.com/Sornaensis/hyperspace
- completed:
    commit: 74938f9f3bfe2d1e2767ce8166b6d543960250ce
    git: https://github.com/Sornaensis/sdl2
    name: sdl2
    pantry-tree:
      sha256: caeb868682b4404c1846101ac9a65de5a5be3de0ce6f1338d14a0500c4b170e9
      size: 7259
    version: 2.5.5.1
  original:
    commit: 74938f9f3bfe2d1e2767ce8166b6d543960250ce
    git: https://github.com/Sornaensis/sdl2
- completed:
    commit: 63cb3f1891778655e248d24337d7ba0e17e8f4d1
    git: https://github.com/Sornaensis/sdl2-ttf
    name: sdl2-ttf
    pantry-tree:
      sha256: fb8ceed1d29215c1a5c67f48a6994f81c04dccc4171f4a9aa1099a0070b0cee9
      size: 596
    version: 2.1.3
  original:
    commit: 63cb3f1891778655e248d24337d7ba0e17e8f4d1
    git: https://github.com/Sornaensis/sdl2-ttf
snapshots:
- completed:
    sha256: cd28bd74375205718f1d5fa221730a9c17a203059708b1eb95f4b20d68bf82d9
    size: 724943
    url: https://raw.githubusercontent.com/commercialhaskell/stackage-snapshots/master/lts/24/2.yaml
  original: lts-24.2
